// !$*UTF8*$!
{
	archiveVersion = 1;
	classes = {
	};
	objectVersion = 48;
	objects = {

/* Begin PBXBuildFile section */
		B65DF7142109EE31000AA469 /* AppDelegate.swift in Sources */ = {isa = PBXBuildFile; fileRef = B65DF7132109EE31000AA469 /* AppDelegate.swift */; };
		B65DF7162109EE31000AA469 /* MainViewController.swift in Sources */ = {isa = PBXBuildFile; fileRef = B65DF7152109EE31000AA469 /* MainViewController.swift */; };
		B65DF7192109EE31000AA469 /* Main.storyboard in Resources */ = {isa = PBXBuildFile; fileRef = B65DF7172109EE31000AA469 /* Main.storyboard */; };
		B65DF71B2109EE31000AA469 /* Assets.xcassets in Resources */ = {isa = PBXBuildFile; fileRef = B65DF71A2109EE31000AA469 /* Assets.xcassets */; };
		B65DF71E2109EE31000AA469 /* LaunchScreen.storyboard in Resources */ = {isa = PBXBuildFile; fileRef = B65DF71C2109EE31000AA469 /* LaunchScreen.storyboard */; };
		B65DF7292109EE31000AA469 /* CollectionVeiwTests.swift in Sources */ = {isa = PBXBuildFile; fileRef = B65DF7282109EE31000AA469 /* CollectionVeiwTests.swift */; };
		B65DF7342109EE31000AA469 /* CollectionVeiwUITests.swift in Sources */ = {isa = PBXBuildFile; fileRef = B65DF7332109EE31000AA469 /* CollectionVeiwUITests.swift */; };
		B65DF750210A158B000AA469 /* CellACollectionViewCell.swift in Sources */ = {isa = PBXBuildFile; fileRef = B65DF74F210A158B000AA469 /* CellACollectionViewCell.swift */; };
		B65DF752210A1598000AA469 /* CellBCollectionViewCell.swift in Sources */ = {isa = PBXBuildFile; fileRef = B65DF751210A1598000AA469 /* CellBCollectionViewCell.swift */; };
		B65DF754210A15B1000AA469 /* ItemCellACollectionViewCell.swift in Sources */ = {isa = PBXBuildFile; fileRef = B65DF753210A15B1000AA469 /* ItemCellACollectionViewCell.swift */; };
		B65DF756210A15BC000AA469 /* ItemCellBCollectionViewCell.swift in Sources */ = {isa = PBXBuildFile; fileRef = B65DF755210A15BC000AA469 /* ItemCellBCollectionViewCell.swift */; };
/* End PBXBuildFile section */

/* Begin PBXContainerItemProxy section */
		B65DF7252109EE31000AA469 /* PBXContainerItemProxy */ = {
			isa = PBXContainerItemProxy;
			containerPortal = B65DF7082109EE31000AA469 /* Project object */;
			proxyType = 1;
			remoteGlobalIDString = B65DF70F2109EE31000AA469;
			remoteInfo = CollectionVeiw;
		};
		B65DF7302109EE31000AA469 /* PBXContainerItemProxy */ = {
			isa = PBXContainerItemProxy;
			containerPortal = B65DF7082109EE31000AA469 /* Project object */;
			proxyType = 1;
			remoteGlobalIDString = B65DF70F2109EE31000AA469;
			remoteInfo = CollectionVeiw;
		};
/* End PBXContainerItemProxy section */

/* Begin PBXFileReference section */
		B65DF7102109EE31000AA469 /* CollectionVeiw.app */ = {isa = PBXFileReference; explicitFileType = wrapper.application; includeInIndex = 0; path = CollectionVeiw.app; sourceTree = BUILT_PRODUCTS_DIR; };
		B65DF7132109EE31000AA469 /* AppDelegate.swift */ = {isa = PBXFileReference; lastKnownFileType = sourcecode.swift; path = AppDelegate.swift; sourceTree = "<group>"; };
		B65DF7152109EE31000AA469 /* MainViewController.swift */ = {isa = PBXFileReference; lastKnownFileType = sourcecode.swift; path = MainViewController.swift; sourceTree = "<group>"; };
		B65DF7182109EE31000AA469 /* Base */ = {isa = PBXFileReference; lastKnownFileType = file.storyboard; name = Base; path = Base.lproj/Main.storyboard; sourceTree = "<group>"; };
		B65DF71A2109EE31000AA469 /* Assets.xcassets */ = {isa = PBXFileReference; lastKnownFileType = folder.assetcatalog; path = Assets.xcassets; sourceTree = "<group>"; };
		B65DF71D2109EE31000AA469 /* Base */ = {isa = PBXFileReference; lastKnownFileType = file.storyboard; name = Base; path = Base.lproj/LaunchScreen.storyboard; sourceTree = "<group>"; };
		B65DF71F2109EE31000AA469 /* Info.plist */ = {isa = PBXFileReference; lastKnownFileType = text.plist.xml; path = Info.plist; sourceTree = "<group>"; };
		B65DF7242109EE31000AA469 /* CollectionVeiwTests.xctest */ = {isa = PBXFileReference; explicitFileType = wrapper.cfbundle; includeInIndex = 0; path = CollectionVeiwTests.xctest; sourceTree = BUILT_PRODUCTS_DIR; };
		B65DF7282109EE31000AA469 /* CollectionVeiwTests.swift */ = {isa = PBXFileReference; lastKnownFileType = sourcecode.swift; path = CollectionVeiwTests.swift; sourceTree = "<group>"; };
		B65DF72A2109EE31000AA469 /* Info.plist */ = {isa = PBXFileReference; lastKnownFileType = text.plist.xml; path = Info.plist; sourceTree = "<group>"; };
		B65DF72F2109EE31000AA469 /* CollectionVeiwUITests.xctest */ = {isa = PBXFileReference; explicitFileType = wrapper.cfbundle; includeInIndex = 0; path = CollectionVeiwUITests.xctest; sourceTree = BUILT_PRODUCTS_DIR; };
		B65DF7332109EE31000AA469 /* CollectionVeiwUITests.swift */ = {isa = PBXFileReference; lastKnownFileType = sourcecode.swift; path = CollectionVeiwUITests.swift; sourceTree = "<group>"; };
		B65DF7352109EE31000AA469 /* Info.plist */ = {isa = PBXFileReference; lastKnownFileType = text.plist.xml; path = Info.plist; sourceTree = "<group>"; };
		B65DF74F210A158B000AA469 /* CellACollectionViewCell.swift */ = {isa = PBXFileReference; lastKnownFileType = sourcecode.swift; path = CellACollectionViewCell.swift; sourceTree = "<group>"; };
		B65DF751210A1598000AA469 /* CellBCollectionViewCell.swift */ = {isa = PBXFileReference; lastKnownFileType = sourcecode.swift; path = CellBCollectionViewCell.swift; sourceTree = "<group>"; };
		B65DF753210A15B1000AA469 /* ItemCellACollectionViewCell.swift */ = {isa = PBXFileReference; lastKnownFileType = sourcecode.swift; path = ItemCellACollectionViewCell.swift; sourceTree = "<group>"; };
		B65DF755210A15BC000AA469 /* ItemCellBCollectionViewCell.swift */ = {isa = PBXFileReference; lastKnownFileType = sourcecode.swift; path = ItemCellBCollectionViewCell.swift; sourceTree = "<group>"; };
/* End PBXFileReference section */

/* Begin PBXFrameworksBuildPhase section */
		B65DF70D2109EE31000AA469 /* Frameworks */ = {
			isa = PBXFrameworksBuildPhase;
			buildActionMask = 2147483647;
			files = (
			);
			runOnlyForDeploymentPostprocessing = 0;
		};
		B65DF7212109EE31000AA469 /* Frameworks */ = {
			isa = PBXFrameworksBuildPhase;
			buildActionMask = 2147483647;
			files = (
			);
			runOnlyForDeploymentPostprocessing = 0;
		};
		B65DF72C2109EE31000AA469 /* Frameworks */ = {
			isa = PBXFrameworksBuildPhase;
			buildActionMask = 2147483647;
			files = (
			);
			runOnlyForDeploymentPostprocessing = 0;
		};
/* End PBXFrameworksBuildPhase section */

/* Begin PBXGroup section */
		B65DF7072109EE31000AA469 = {
			isa = PBXGroup;
			children = (
				B65DF7122109EE31000AA469 /* CollectionVeiw */,
				B65DF7272109EE31000AA469 /* CollectionVeiwTests */,
				B65DF7322109EE31000AA469 /* CollectionVeiwUITests */,
				B65DF7112109EE31000AA469 /* Products */,
			);
			sourceTree = "<group>";
		};
		B65DF7112109EE31000AA469 /* Products */ = {
			isa = PBXGroup;
			children = (
				B65DF7102109EE31000AA469 /* CollectionVeiw.app */,
				B65DF7242109EE31000AA469 /* CollectionVeiwTests.xctest */,
				B65DF72F2109EE31000AA469 /* CollectionVeiwUITests.xctest */,
			);
			name = Products;
			sourceTree = "<group>";
		};
		B65DF7122109EE31000AA469 /* CollectionVeiw */ = {
			isa = PBXGroup;
			children = (
				B65DF7172109EE31000AA469 /* Main.storyboard */,
				B65DF757210A15CE000AA469 /* Main */,
				B65DF7132109EE31000AA469 /* AppDelegate.swift */,
				B65DF71A2109EE31000AA469 /* Assets.xcassets */,
				B65DF71C2109EE31000AA469 /* LaunchScreen.storyboard */,
				B65DF71F2109EE31000AA469 /* Info.plist */,
			);
			path = CollectionVeiw;
			sourceTree = "<group>";
		};
		B65DF7272109EE31000AA469 /* CollectionVeiwTests */ = {
			isa = PBXGroup;
			children = (
				B65DF7282109EE31000AA469 /* CollectionVeiwTests.swift */,
				B65DF72A2109EE31000AA469 /* Info.plist */,
			);
			path = CollectionVeiwTests;
			sourceTree = "<group>";
		};
		B65DF7322109EE31000AA469 /* CollectionVeiwUITests */ = {
			isa = PBXGroup;
			children = (
				B65DF7332109EE31000AA469 /* CollectionVeiwUITests.swift */,
				B65DF7352109EE31000AA469 /* Info.plist */,
			);
			path = CollectionVeiwUITests;
			sourceTree = "<group>";
		};
		B65DF757210A15CE000AA469 /* Main */ = {
			isa = PBXGroup;
			children = (
				B65DF7152109EE31000AA469 /* MainViewController.swift */,
				B65DF74F210A158B000AA469 /* CellACollectionViewCell.swift */,
				B65DF751210A1598000AA469 /* CellBCollectionViewCell.swift */,
				B65DF753210A15B1000AA469 /* ItemCellACollectionViewCell.swift */,
				B65DF755210A15BC000AA469 /* ItemCellBCollectionViewCell.swift */,
			);
			path = Main;
			sourceTree = "<group>";
		};
/* End PBXGroup section */

/* Begin PBXNativeTarget section */
		B65DF70F2109EE31000AA469 /* CollectionVeiw */ = {
			isa = PBXNativeTarget;
			buildConfigurationList = B65DF7382109EE31000AA469 /* Build configuration list for PBXNativeTarget "CollectionVeiw" */;
			buildPhases = (
				B65DF70C2109EE31000AA469 /* Sources */,
				B65DF70D2109EE31000AA469 /* Frameworks */,
				B65DF70E2109EE31000AA469 /* Resources */,
			);
			buildRules = (
			);
			dependencies = (
			);
			name = CollectionVeiw;
			productName = CollectionVeiw;
			productReference = B65DF7102109EE31000AA469 /* CollectionVeiw.app */;
			productType = "com.apple.product-type.application";
		};
		B65DF7232109EE31000AA469 /* CollectionVeiwTests */ = {
			isa = PBXNativeTarget;
			buildConfigurationList = B65DF73B2109EE31000AA469 /* Build configuration list for PBXNativeTarget "CollectionVeiwTests" */;
			buildPhases = (
				B65DF7202109EE31000AA469 /* Sources */,
				B65DF7212109EE31000AA469 /* Frameworks */,
				B65DF7222109EE31000AA469 /* Resources */,
			);
			buildRules = (
			);
			dependencies = (
				B65DF7262109EE31000AA469 /* PBXTargetDependency */,
			);
			name = CollectionVeiwTests;
			productName = CollectionVeiwTests;
			productReference = B65DF7242109EE31000AA469 /* CollectionVeiwTests.xctest */;
			productType = "com.apple.product-type.bundle.unit-test";
		};
		B65DF72E2109EE31000AA469 /* CollectionVeiwUITests */ = {
			isa = PBXNativeTarget;
			buildConfigurationList = B65DF73E2109EE31000AA469 /* Build configuration list for PBXNativeTarget "CollectionVeiwUITests" */;
			buildPhases = (
				B65DF72B2109EE31000AA469 /* Sources */,
				B65DF72C2109EE31000AA469 /* Frameworks */,
				B65DF72D2109EE31000AA469 /* Resources */,
			);
			buildRules = (
			);
			dependencies = (
				B65DF7312109EE31000AA469 /* PBXTargetDependency */,
			);
			name = CollectionVeiwUITests;
			productName = CollectionVeiwUITests;
			productReference = B65DF72F2109EE31000AA469 /* CollectionVeiwUITests.xctest */;
			productType = "com.apple.product-type.bundle.ui-testing";
		};
/* End PBXNativeTarget section */

/* Begin PBXProject section */
		B65DF7082109EE31000AA469 /* Project object */ = {
			isa = PBXProject;
			attributes = {
				LastSwiftUpdateCheck = 0920;
				LastUpgradeCheck = 0920;
				ORGANIZATIONNAME = eunji;
				TargetAttributes = {
					B65DF70F2109EE31000AA469 = {
						CreatedOnToolsVersion = 9.2;
						ProvisioningStyle = Automatic;
					};
					B65DF7232109EE31000AA469 = {
						CreatedOnToolsVersion = 9.2;
						ProvisioningStyle = Automatic;
						TestTargetID = B65DF70F2109EE31000AA469;
					};
					B65DF72E2109EE31000AA469 = {
						CreatedOnToolsVersion = 9.2;
						ProvisioningStyle = Automatic;
						TestTargetID = B65DF70F2109EE31000AA469;
					};
				};
			};
			buildConfigurationList = B65DF70B2109EE31000AA469 /* Build configuration list for PBXProject "CollectionVeiw" */;
			compatibilityVersion = "Xcode 8.0";
			developmentRegion = en;
			hasScannedForEncodings = 0;
			knownRegions = (
				en,
				Base,
			);
			mainGroup = B65DF7072109EE31000AA469;
			productRefGroup = B65DF7112109EE31000AA469 /* Products */;
			projectDirPath = "";
			projectRoot = "";
			targets = (
				B65DF70F2109EE31000AA469 /* CollectionVeiw */,
				B65DF7232109EE31000AA469 /* CollectionVeiwTests */,
				B65DF72E2109EE31000AA469 /* CollectionVeiwUITests */,
			);
		};
/* End PBXProject section */

/* Begin PBXResourcesBuildPhase section */
		B65DF70E2109EE31000AA469 /* Resources */ = {
			isa = PBXResourcesBuildPhase;
			buildActionMask = 2147483647;
			files = (
				B65DF71E2109EE31000AA469 /* LaunchScreen.storyboard in Resources */,
				B65DF71B2109EE31000AA469 /* Assets.xcassets in Resources */,
				B65DF7192109EE31000AA469 /* Main.storyboard in Resources */,
			);
			runOnlyForDeploymentPostprocessing = 0;
		};
		B65DF7222109EE31000AA469 /* Resources */ = {
			isa = PBXResourcesBuildPhase;
			buildActionMask = 2147483647;
			files = (
			);
			runOnlyForDeploymentPostprocessing = 0;
		};
		B65DF72D2109EE31000AA469 /* Resources */ = {
			isa = PBXResourcesBuildPhase;
			buildActionMask = 2147483647;
			files = (
			);
			runOnlyForDeploymentPostprocessing = 0;
		};
/* End PBXResourcesBuildPhase section */

/* Begin PBXSourcesBuildPhase section */
		B65DF70C2109EE31000AA469 /* Sources */ = {
			isa = PBXSourcesBuildPhase;
			buildActionMask = 2147483647;
			files = (
				B65DF756210A15BC000AA469 /* ItemCellBCollectionViewCell.swift in Sources */,
				B65DF7162109EE31000AA469 /* MainViewController.swift in Sources */,
				B65DF754210A15B1000AA469 /* ItemCellACollectionViewCell.swift in Sources */,
				B65DF752210A1598000AA469 /* CellBCollectionViewCell.swift in Sources */,
				B65DF7142109EE31000AA469 /* AppDelegate.swift in Sources */,
				B65DF750210A158B000AA469 /* CellACollectionViewCell.swift in Sources */,
			);
			runOnlyForDeploymentPostprocessing = 0;
		};
		B65DF7202109EE31000AA469 /* Sources */ = {
			isa = PBXSourcesBuildPhase;
			buildActionMask = 2147483647;
			files = (
				B65DF7292109EE31000AA469 /* CollectionVeiwTests.swift in Sources */,
			);
			runOnlyForDeploymentPostprocessing = 0;
		};
		B65DF72B2109EE31000AA469 /* Sources */ = {
			isa = PBXSourcesBuildPhase;
			buildActionMask = 2147483647;
			files = (
				B65DF7342109EE31000AA469 /* CollectionVeiwUITests.swift in Sources */,
			);
			runOnlyForDeploymentPostprocessing = 0;
		};
/* End PBXSourcesBuildPhase section */

/* Begin PBXTargetDependency section */
		B65DF7262109EE31000AA469 /* PBXTargetDependency */ = {
			isa = PBXTargetDependency;
			target = B65DF70F2109EE31000AA469 /* CollectionVeiw */;
			targetProxy = B65DF7252109EE31000AA469 /* PBXContainerItemProxy */;
		};
		B65DF7312109EE31000AA469 /* PBXTargetDependency */ = {
			isa = PBXTargetDependency;
			target = B65DF70F2109EE31000AA469 /* CollectionVeiw */;
			targetProxy = B65DF7302109EE31000AA469 /* PBXContainerItemProxy */;
		};
/* End PBXTargetDependency section */

/* Begin PBXVariantGroup section */
		B65DF7172109EE31000AA469 /* Main.storyboard */ = {
			isa = PBXVariantGroup;
			children = (
				B65DF7182109EE31000AA469 /* Base */,
			);
			name = Main.storyboard;
			sourceTree = "<group>";
		};
		B65DF71C2109EE31000AA469 /* LaunchScreen.storyboard */ = {
			isa = PBXVariantGroup;
			children = (
				B65DF71D2109EE31000AA469 /* Base */,
			);
			name = LaunchScreen.storyboard;
			sourceTree = "<group>";
		};
/* End PBXVariantGroup section */

/* Begin XCBuildConfiguration section */
		B65DF7362109EE31000AA469 /* Debug */ = {
			isa = XCBuildConfiguration;
			buildSettings = {
				ALWAYS_SEARCH_USER_PATHS = NO;
				CLANG_ANALYZER_NONNULL = YES;
				CLANG_ANALYZER_NUMBER_OBJECT_CONVERSION = YES_AGGRESSIVE;
				CLANG_CXX_LANGUAGE_STANDARD = "gnu++14";
				CLANG_CXX_LIBRARY = "libc++";
				CLANG_ENABLE_MODULES = YES;
				CLANG_ENABLE_OBJC_ARC = YES;
				CLANG_WARN_BLOCK_CAPTURE_AUTORELEASING = YES;
				CLANG_WARN_BOOL_CONVERSION = YES;
				CLANG_WARN_COMMA = YES;
				CLANG_WARN_CONSTANT_CONVERSION = YES;
				CLANG_WARN_DIRECT_OBJC_ISA_USAGE = YES_ERROR;
				CLANG_WARN_DOCUMENTATION_COMMENTS = YES;
				CLANG_WARN_EMPTY_BODY = YES;
				CLANG_WARN_ENUM_CONVERSION = YES;
				CLANG_WARN_INFINITE_RECURSION = YES;
				CLANG_WARN_INT_CONVERSION = YES;
				CLANG_WARN_NON_LITERAL_NULL_CONVERSION = YES;
				CLANG_WARN_OBJC_LITERAL_CONVERSION = YES;
				CLANG_WARN_OBJC_ROOT_CLASS = YES_ERROR;
				CLANG_WARN_RANGE_LOOP_ANALYSIS = YES;
				CLANG_WARN_STRICT_PROTOTYPES = YES;
				CLANG_WARN_SUSPICIOUS_MOVE = YES;
				CLANG_WARN_UNGUARDED_AVAILABILITY = YES_AGGRESSIVE;
				CLANG_WARN_UNREACHABLE_CODE = YES;
				CLANG_WARN__DUPLICATE_METHOD_MATCH = YES;
				CODE_SIGN_IDENTITY = "iPhone Developer";
				COPY_PHASE_STRIP = NO;
				DEBUG_INFORMATION_FORMAT = dwarf;
				ENABLE_STRICT_OBJC_MSGSEND = YES;
				ENABLE_TESTABILITY = YES;
				GCC_C_LANGUAGE_STANDARD = gnu11;
				GCC_DYNAMIC_NO_PIC = NO;
				GCC_NO_COMMON_BLOCKS = YES;
				GCC_OPTIMIZATION_LEVEL = 0;
				GCC_PREPROCESSOR_DEFINITIONS = (
					"DEBUG=1",
					"$(inherited)",
				);
				GCC_WARN_64_TO_32_BIT_CONVERSION = YES;
				GCC_WARN_ABOUT_RETURN_TYPE = YES_ERROR;
				GCC_WARN_UNDECLARED_SELECTOR = YES;
				GCC_WARN_UNINITIALIZED_AUTOS = YES_AGGRESSIVE;
				GCC_WARN_UNUSED_FUNCTION = YES;
				GCC_WARN_UNUSED_VARIABLE = YES;
				IPHONEOS_DEPLOYMENT_TARGET = 11.2;
				MTL_ENABLE_DEBUG_INFO = YES;
				ONLY_ACTIVE_ARCH = YES;
				SDKROOT = iphoneos;
				SWIFT_ACTIVE_COMPILATION_CONDITIONS = DEBUG;
				SWIFT_OPTIMIZATION_LEVEL = "-Onone";
			};
			name = Debug;
		};
		B65DF7372109EE31000AA469 /* Release */ = {
			isa = XCBuildConfiguration;
			buildSettings = {
				ALWAYS_SEARCH_USER_PATHS = NO;
				CLANG_ANALYZER_NONNULL = YES;
				CLANG_ANALYZER_NUMBER_OBJECT_CONVERSION = YES_AGGRESSIVE;
				CLANG_CXX_LANGUAGE_STANDARD = "gnu++14";
				CLANG_CXX_LIBRARY = "libc++";
				CLANG_ENABLE_MODULES = YES;
				CLANG_ENABLE_OBJC_ARC = YES;
				CLANG_WARN_BLOCK_CAPTURE_AUTORELEASING = YES;
				CLANG_WARN_BOOL_CONVERSION = YES;
				CLANG_WARN_COMMA = YES;
				CLANG_WARN_CONSTANT_CONVERSION = YES;
				CLANG_WARN_DIRECT_OBJC_ISA_USAGE = YES_ERROR;
				CLANG_WARN_DOCUMENTATION_COMMENTS = YES;
				CLANG_WARN_EMPTY_BODY = YES;
				CLANG_WARN_ENUM_CONVERSION = YES;
				CLANG_WARN_INFINITE_RECURSION = YES;
				CLANG_WARN_INT_CONVERSION = YES;
				CLANG_WARN_NON_LITERAL_NULL_CONVERSION = YES;
				CLANG_WARN_OBJC_LITERAL_CONVERSION = YES;
				CLANG_WARN_OBJC_ROOT_CLASS = YES_ERROR;
				CLANG_WARN_RANGE_LOOP_ANALYSIS = YES;
				CLANG_WARN_STRICT_PROTOTYPES = YES;
				CLANG_WARN_SUSPICIOUS_MOVE = YES;
				CLANG_WARN_UNGUARDED_AVAILABILITY = YES_AGGRESSIVE;
				CLANG_WARN_UNREACHABLE_CODE = YES;
				CLANG_WARN__DUPLICATE_METHOD_MATCH = YES;
				CODE_SIGN_IDENTITY = "iPhone Developer";
				COPY_PHASE_STRIP = NO;
				DEBUG_INFORMATION_FORMAT = "dwarf-with-dsym";
				ENABLE_NS_ASSERTIONS = NO;
				ENABLE_STRICT_OBJC_MSGSEND = YES;
				GCC_C_LANGUAGE_STANDARD = gnu11;
				GCC_NO_COMMON_BLOCKS = YES;
				GCC_WARN_64_TO_32_BIT_CONVERSION = YES;
				GCC_WARN_ABOUT_RETURN_TYPE = YES_ERROR;
				GCC_WARN_UNDECLARED_SELECTOR = YES;
				GCC_WARN_UNINITIALIZED_AUTOS = YES_AGGRESSIVE;
				GCC_WARN_UNUSED_FUNCTION = YES;
				GCC_WARN_UNUSED_VARIABLE = YES;
				IPHONEOS_DEPLOYMENT_TARGET = 11.2;
				MTL_ENABLE_DEBUG_INFO = NO;
				SDKROOT = iphoneos;
				SWIFT_OPTIMIZATION_LEVEL = "-Owholemodule";
				VALIDATE_PRODUCT = YES;
			};
			name = Release;
		};
		B65DF7392109EE31000AA469 /* Debug */ = {
			isa = XCBuildConfiguration;
			buildSettings = {
				ASSETCATALOG_COMPILER_APPICON_NAME = AppIcon;
				CODE_SIGN_STYLE = Automatic;
				INFOPLIST_FILE = CollectionVeiw/Info.plist;
				LD_RUNPATH_SEARCH_PATHS = "$(inherited) @executable_path/Frameworks";
				PRODUCT_BUNDLE_IDENTIFIER = eunji.CollectionVeiw;
				PRODUCT_NAME = "$(TARGET_NAME)";
				SWIFT_VERSION = 4.0;
				TARGETED_DEVICE_FAMILY = "1,2";
			};
			name = Debug;
		};
		B65DF73A2109EE31000AA469 /* Release */ = {
			isa = XCBuildConfiguration;
			buildSettings = {
				ASSETCATALOG_COMPILER_APPICON_NAME = AppIcon;
				CODE_SIGN_STYLE = Automatic;
				INFOPLIST_FILE = CollectionVeiw/Info.plist;
				LD_RUNPATH_SEARCH_PATHS = "$(inherited) @executable_path/Frameworks";
				PRODUCT_BUNDLE_IDENTIFIER = eunji.CollectionVeiw;
				PRODUCT_NAME = "$(TARGET_NAME)";
				SWIFT_VERSION = 4.0;
				TARGETED_DEVICE_FAMILY = "1,2";
			};
			name = Release;
		};
		B65DF73C2109EE31000AA469 /* Debug */ = {
			isa = XCBuildConfiguration;
			buildSettings = {
				ALWAYS_EMBED_SWIFT_STANDARD_LIBRARIES = YES;
				BUNDLE_LOADER = "$(TEST_HOST)";
				CODE_SIGN_STYLE = Automatic;
				INFOPLIST_FILE = CollectionVeiwTests/Info.plist;
				LD_RUNPATH_SEARCH_PATHS = "$(inherited) @executable_path/Frameworks @loader_path/Frameworks";
				PRODUCT_BUNDLE_IDENTIFIER = eunji.CollectionVeiwTests;
				PRODUCT_NAME = "$(TARGET_NAME)";
				SWIFT_VERSION = 4.0;
				TARGETED_DEVICE_FAMILY = "1,2";
				TEST_HOST = "$(BUILT_PRODUCTS_DIR)/CollectionVeiw.app/CollectionVeiw";
			};
			name = Debug;
		};
		B65DF73D2109EE31000AA469 /* Release */ = {
			isa = XCBuildConfiguration;
			buildSettings = {
				ALWAYS_EMBED_SWIFT_STANDARD_LIBRARIES = YES;
				BUNDLE_LOADER = "$(TEST_HOST)";
				CODE_SIGN_STYLE = Automatic;
				INFOPLIST_FILE = CollectionVeiwTests/Info.plist;
				LD_RUNPATH_SEARCH_PATHS = "$(inherited) @executable_path/Frameworks @loader_path/Frameworks";
				PRODUCT_BUNDLE_IDENTIFIER = eunji.CollectionVeiwTests;
				PRODUCT_NAME = "$(TARGET_NAME)";
				SWIFT_VERSION = 4.0;
				TARGETED_DEVICE_FAMILY = "1,2";
				TEST_HOST = "$(BUILT_PRODUCTS_DIR)/CollectionVeiw.app/CollectionVeiw";
			};
			name = Release;
		};
		B65DF73F2109EE31000AA469 /* Debug */ = {
			isa = XCBuildConfiguration;
			buildSettings = {
				ALWAYS_EMBED_SWIFT_STANDARD_LIBRARIES = YES;
				CODE_SIGN_STYLE = Automatic;
				INFOPLIST_FILE = CollectionVeiwUITests/Info.plist;
				LD_RUNPATH_SEARCH_PATHS = "$(inherited) @executable_path/Frameworks @loader_path/Frameworks";
				PRODUCT_BUNDLE_IDENTIFIER = eunji.CollectionVeiwUITests;
				PRODUCT_NAME = "$(TARGET_NAME)";
				SWIFT_VERSION = 4.0;
				TARGETED_DEVICE_FAMILY = "1,2";
				TEST_TARGET_NAME = CollectionVeiw;
			};
			name = Debug;
		};
		B65DF7402109EE31000AA469 /* Release */ = {
			isa = XCBuildConfiguration;
			buildSettings = {
				ALWAYS_EMBED_SWIFT_STANDARD_LIBRARIES = YES;
				CODE_SIGN_STYLE = Automatic;
				INFOPLIST_FILE = CollectionVeiwUITests/Info.plist;
				LD_RUNPATH_SEARCH_PATHS = "$(inherited) @executable_path/Frameworks @loader_path/Frameworks";
				PRODUCT_BUNDLE_IDENTIFIER = eunji.CollectionVeiwUITests;
				PRODUCT_NAME = "$(TARGET_NAME)";
				SWIFT_VERSION = 4.0;
				TARGETED_DEVICE_FAMILY = "1,2";
				TEST_TARGET_NAME = CollectionVeiw;
			};
			name = Release;
		};
/* End XCBuildConfiguration section */

/* Begin XCConfigurationList section */
		B65DF70B2109EE31000AA469 /* Build configuration list for PBXProject "CollectionVeiw" */ = {
			isa = XCConfigurationList;
			buildConfigurations = (
				B65DF7362109EE31000AA469 /* Debug */,
				B65DF7372109EE31000AA469 /* Release */,
			);
			defaultConfigurationIsVisible = 0;
			defaultConfigurationName = Release;
		};
		B65DF7382109EE31000AA469 /* Build configuration list for PBXNativeTarget "CollectionVeiw" */ = {
			isa = XCConfigurationList;
			buildConfigurations = (
				B65DF7392109EE31000AA469 /* Debug */,
				B65DF73A2109EE31000AA469 /* Release */,
			);
			defaultConfigurationIsVisible = 0;
			defaultConfigurationName = Release;
		};
		B65DF73B2109EE31000AA469 /* Build configuration list for PBXNativeTarget "CollectionVeiwTests" */ = {
			isa = XCConfigurationList;
			buildConfigurations = (
				B65DF73C2109EE31000AA469 /* Debug */,
				B65DF73D2109EE31000AA469 /* Release */,
			);
			defaultConfigurationIsVisible = 0;
			defaultConfigurationName = Release;
		};
		B65DF73E2109EE31000AA469 /* Build configuration list for PBXNativeTarget "CollectionVeiwUITests" */ = {
			isa = XCConfigurationList;
			buildConfigurations = (
				B65DF73F2109EE31000AA469 /* Debug */,
				B65DF7402109EE31000AA469 /* Release */,
			);
			defaultConfigurationIsVisible = 0;
			defaultConfigurationName = Release;
		};
/* End XCConfigurationList section */
	};
	rootObject = B65DF7082109EE31000AA469 /* Project object */;
}
